
Microsoft Visual Studio Solution File, Format Version 12.00
# Visual Studio Version 16
VisualStudioVersion = 16.0.30804.86
MinimumVisualStudioVersion = 10.0.40219.1
Project("{FAE04EC0-301F-11D3-BF4B-00C04F79EFBC}") = "FinalMidterm", "FinalMidterm.csproj", "{21DF846B-DEA8-48AA-A88D-CD07F9780A0C}"
EndProject
Global
	GlobalSection(SolutionConfigurationPlatforms) = preSolution
		Debug|Any CPU = Debug|Any CPU
		Release|Any CPU = Release|Any CPU
	EndGlobalSection
	GlobalSection(ProjectConfigurationPlatforms) = postSolution
		{21DF846B-DEA8-48AA-A88D-CD07F9780A0C}.Debug|Any CPU.ActiveCfg = Debug|Any CPU
		{21DF846B-DEA8-48AA-A88D-CD07F9780A0C}.Debug|Any CPU.Build.0 = Debug|Any CPU
		{21DF846B-DEA8-48AA-A88D-CD07F9780A0C}.Release|Any CPU.ActiveCfg = Release|Any CPU
		{21DF846B-DEA8-48AA-A88D-CD07F9780A0C}.Release|Any CPU.Build.0 = Release|Any CPU
	EndGlobalSection
	GlobalSection(SolutionProperties) = preSolution
		HideSolutionNode = FALSE
	EndGlobalSection
	GlobalSection(ExtensibilityGlobals) = postSolution
		SolutionGuid = {746CCF39-6A88-462C-A0B3-B23F1E8F330A}
	EndGlobalSection
EndGlobal
